
Microsoft Visual Studio Solution File, Format Version 12.00
# Visual Studio Version 17
VisualStudioVersion = 17.7.34024.191
MinimumVisualStudioVersion = 10.0.40219.1
Project("{9A19103F-16F7-4668-BE54-9A1E7A4F7556}") = "ProdutosApp.Services", "ProdutosApp.Services\ProdutosApp.Services.csproj", "{122178F9-5F22-4456-9744-CBFF7C61C538}"
EndProject
Project("{2150E333-8FDC-42A3-9474-1A3956D46DE8}") = "1 - Services", "1 - Services", "{0AF00B37-7095-4773-96EA-5FA423129DAA}"
EndProject
Project("{2150E333-8FDC-42A3-9474-1A3956D46DE8}") = "2 - Domain", "2 - Domain", "{7BD46408-B3E2-4AFA-932F-DCF449273D37}"
EndProject
Project("{2150E333-8FDC-42A3-9474-1A3956D46DE8}") = "3 - Repositories", "3 - Repositories", "{DD6F9E8D-DEE9-4B65-86BA-0CAA7AF8ACE6}"
EndProject
Project("{FAE04EC0-301F-11D3-BF4B-00C04F79EFBC}") = "ProdutosApp.Domain", "ProdutosApp.Domain\ProdutosApp.Domain.csproj", "{5753BAE9-3D90-4E45-AC6B-8B76035BC543}"
EndProject
Project("{FAE04EC0-301F-11D3-BF4B-00C04F79EFBC}") = "ProdutosApp.Data", "ProdutosApp.Data\ProdutosApp.Data.csproj", "{ADB59765-A3CA-42C3-B53E-4518F5F167F7}"
EndProject
Global
	GlobalSection(SolutionConfigurationPlatforms) = preSolution
		Debug|Any CPU = Debug|Any CPU
		Release|Any CPU = Release|Any CPU
	EndGlobalSection
	GlobalSection(ProjectConfigurationPlatforms) = postSolution
		{122178F9-5F22-4456-9744-CBFF7C61C538}.Debug|Any CPU.ActiveCfg = Debug|Any CPU
		{122178F9-5F22-4456-9744-CBFF7C61C538}.Debug|Any CPU.Build.0 = Debug|Any CPU
		{122178F9-5F22-4456-9744-CBFF7C61C538}.Release|Any CPU.ActiveCfg = Release|Any CPU
		{122178F9-5F22-4456-9744-CBFF7C61C538}.Release|Any CPU.Build.0 = Release|Any CPU
		{5753BAE9-3D90-4E45-AC6B-8B76035BC543}.Debug|Any CPU.ActiveCfg = Debug|Any CPU
		{5753BAE9-3D90-4E45-AC6B-8B76035BC543}.Debug|Any CPU.Build.0 = Debug|Any CPU
		{5753BAE9-3D90-4E45-AC6B-8B76035BC543}.Release|Any CPU.ActiveCfg = Release|Any CPU
		{5753BAE9-3D90-4E45-AC6B-8B76035BC543}.Release|Any CPU.Build.0 = Release|Any CPU
		{ADB59765-A3CA-42C3-B53E-4518F5F167F7}.Debug|Any CPU.ActiveCfg = Debug|Any CPU
		{ADB59765-A3CA-42C3-B53E-4518F5F167F7}.Debug|Any CPU.Build.0 = Debug|Any CPU
		{ADB59765-A3CA-42C3-B53E-4518F5F167F7}.Release|Any CPU.ActiveCfg = Release|Any CPU
		{ADB59765-A3CA-42C3-B53E-4518F5F167F7}.Release|Any CPU.Build.0 = Release|Any CPU
	EndGlobalSection
	GlobalSection(SolutionProperties) = preSolution
		HideSolutionNode = FALSE
	EndGlobalSection
	GlobalSection(NestedProjects) = preSolution
		{122178F9-5F22-4456-9744-CBFF7C61C538} = {0AF00B37-7095-4773-96EA-5FA423129DAA}
		{5753BAE9-3D90-4E45-AC6B-8B76035BC543} = {7BD46408-B3E2-4AFA-932F-DCF449273D37}
		{ADB59765-A3CA-42C3-B53E-4518F5F167F7} = {DD6F9E8D-DEE9-4B65-86BA-0CAA7AF8ACE6}
	EndGlobalSection
	GlobalSection(ExtensibilityGlobals) = postSolution
		SolutionGuid = {7A238E74-19DD-4BE4-AFD7-5D83F3891EFC}
	EndGlobalSection
EndGlobal
